{
  "requires": true,
  "lockfileVersion": 1,
  "dependencies": {
    "fast-sort": {
      "version": "2.1.1",
      "resolved": "https://registry.npmjs.org/fast-sort/-/fast-sort-2.1.1.tgz",
      "integrity": "sha512-X8DNrUzoejZZ+AdAHCVXdKHUrbzz57jKG5/prsKKzyaVKwzSwzm0HQ76cPdo69LObWDShJ77Cn1nPMSXP87FOQ=="
    }
  }
}
